
Microsoft Visual Studio Solution File, Format Version 12.00
# Visual Studio 15
Project("{FAE04EC0-301F-11D3-BF4B-00C04F79EFBC}") = "PMTool", "PMTool\PMTool.csproj", "{9FA38463-92EC-4BE9-852B-A934F0DD5160}"
EndProject
Global
	GlobalSection(SolutionConfigurationPlatforms) = preSolution
		Debug|Any CPU = Debug|Any CPU
		Release|Any CPU = Release|Any CPU
	EndGlobalSection
	GlobalSection(ProjectConfigurationPlatforms) = postSolution
		{9FA38463-92EC-4BE9-852B-A934F0DD5160}.Debug|Any CPU.ActiveCfg = Debug|Any CPU
		{9FA38463-92EC-4BE9-852B-A934F0DD5160}.Debug|Any CPU.Build.0 = Debug|Any CPU
		{9FA38463-92EC-4BE9-852B-A934F0DD5160}.Release|Any CPU.ActiveCfg = Release|Any CPU
		{9FA38463-92EC-4BE9-852B-A934F0DD5160}.Release|Any CPU.Build.0 = Release|Any CPU
	EndGlobalSection
EndGlobal
